
Microsoft Visual Studio Solution File, Format Version 12.00
# Visual Studio Version 16
VisualStudioVersion = 16.0.810.8
MinimumVisualStudioVersion = 10.0.40219.1
Project("{FAE04EC0-301F-11D3-BF4B-00C04F79EFBC}") = "Uebung52_Kreis_pbbgh20aba", "Uebung52_Kreis_pbbgh20aba\Uebung52_Kreis_pbbgh20aba.csproj", "{40522E6F-9C3E-4A5E-BCC7-C9BB02722C4B}"
EndProject
Global
	GlobalSection(SolutionConfigurationPlatforms) = preSolution
		Debug|Any CPU = Debug|Any CPU
		Release|Any CPU = Release|Any CPU
	EndGlobalSection
	GlobalSection(ProjectConfigurationPlatforms) = postSolution
		{40522E6F-9C3E-4A5E-BCC7-C9BB02722C4B}.Debug|Any CPU.ActiveCfg = Debug|Any CPU
		{40522E6F-9C3E-4A5E-BCC7-C9BB02722C4B}.Debug|Any CPU.Build.0 = Debug|Any CPU
		{40522E6F-9C3E-4A5E-BCC7-C9BB02722C4B}.Release|Any CPU.ActiveCfg = Release|Any CPU
		{40522E6F-9C3E-4A5E-BCC7-C9BB02722C4B}.Release|Any CPU.Build.0 = Release|Any CPU
	EndGlobalSection
	GlobalSection(SolutionProperties) = preSolution
		HideSolutionNode = FALSE
	EndGlobalSection
	GlobalSection(ExtensibilityGlobals) = postSolution
		SolutionGuid = {5CA1D2E6-B178-44D7-9B3B-A7B33DB43D2D}
	EndGlobalSection
EndGlobal
